
Microsoft Visual Studio Solution File, Format Version 12.00
# Visual Studio Version 17
VisualStudioVersion = 17.4.33110.190
MinimumVisualStudioVersion = 10.0.40219.1
Project("{9A19103F-16F7-4668-BE54-9A1E7A4F7556}") = "Generador_ABM", "Generador_ABM.csproj", "{64DF8E77-DA2E-4F4B-A12E-DED2F43A565A}"
EndProject
Global
	GlobalSection(SolutionConfigurationPlatforms) = preSolution
		Debug|Any CPU = Debug|Any CPU
		Release|Any CPU = Release|Any CPU
	EndGlobalSection
	GlobalSection(ProjectConfigurationPlatforms) = postSolution
		{64DF8E77-DA2E-4F4B-A12E-DED2F43A565A}.Debug|Any CPU.ActiveCfg = Debug|Any CPU
		{64DF8E77-DA2E-4F4B-A12E-DED2F43A565A}.Debug|Any CPU.Build.0 = Debug|Any CPU
		{64DF8E77-DA2E-4F4B-A12E-DED2F43A565A}.Release|Any CPU.ActiveCfg = Release|Any CPU
		{64DF8E77-DA2E-4F4B-A12E-DED2F43A565A}.Release|Any CPU.Build.0 = Release|Any CPU
	EndGlobalSection
	GlobalSection(SolutionProperties) = preSolution
		HideSolutionNode = FALSE
	EndGlobalSection
	GlobalSection(ExtensibilityGlobals) = postSolution
		SolutionGuid = {B34618DA-371C-491E-9FED-6963FA48E5C5}
	EndGlobalSection
EndGlobal
